
Microsoft Visual Studio Solution File, Format Version 12.00
# Visual Studio 15
VisualStudioVersion = 15.0.28010.2046
MinimumVisualStudioVersion = 10.0.40219.1
Project("{FAE04EC0-301F-11D3-BF4B-00C04F79EFBC}") = "Common.Dal.Ado", "Common.Dal.Ado\Common.Dal.Ado.csproj", "{7832F4BA-D688-4D52-A3F3-9CECE5E0F2DA}"
EndProject
Project("{FAE04EC0-301F-11D3-BF4B-00C04F79EFBC}") = "Wetr.Generator", "Wetr.Generator\Wetr.Generator.csproj", "{E13F1A2B-E7F9-441A-ADCE-CF5D16CC0AEF}"
EndProject
Project("{FAE04EC0-301F-11D3-BF4B-00C04F79EFBC}") = "Wetr.Domain", "Wetr.Domain\Wetr.Domain.csproj", "{4EBE8EC8-9C9B-4709-A595-115298EA87F7}"
EndProject
Project("{FAE04EC0-301F-11D3-BF4B-00C04F79EFBC}") = "Wetr.Dal.Interface", "Wetr.Dal.Interface\Wetr.Dal.Interface.csproj", "{13F2E812-FA97-4306-91B9-9455CDF464C7}"
EndProject
Project("{FAE04EC0-301F-11D3-BF4B-00C04F79EFBC}") = "Wetr.Dal.Ado", "Wetr.Dal.Ado\Wetr.Dal.Ado.csproj", "{3DC15779-95A8-4FBF-8E1B-E0D02D8C4EF5}"
EndProject
Project("{FAE04EC0-301F-11D3-BF4B-00C04F79EFBC}") = "Wetr.Test.Dal", "Wetr.Test.Dal\Wetr.Test.Dal.csproj", "{2D04C4D2-D8E5-4449-9CF8-CDCB8268C672}"
EndProject
Project("{FAE04EC0-301F-11D3-BF4B-00C04F79EFBC}") = "Wetr.Dal.Factory", "Wetr.Dal.Factory\Wetr.Dal.Factory.csproj", "{C30D5B0E-44BD-467D-A584-410A827B0C25}"
EndProject
Project("{FAE04EC0-301F-11D3-BF4B-00C04F79EFBC}") = "Wetr.Cockpit", "Wetr.Cockpit\Wetr.Cockpit.csproj", "{EC1832E0-C062-4DB3-9F21-195AD8489B78}"
EndProject
Global
	GlobalSection(SolutionConfigurationPlatforms) = preSolution
		Debug|Any CPU = Debug|Any CPU
		Release|Any CPU = Release|Any CPU
	EndGlobalSection
	GlobalSection(ProjectConfigurationPlatforms) = postSolution
		{7832F4BA-D688-4D52-A3F3-9CECE5E0F2DA}.Debug|Any CPU.ActiveCfg = Debug|Any CPU
		{7832F4BA-D688-4D52-A3F3-9CECE5E0F2DA}.Debug|Any CPU.Build.0 = Debug|Any CPU
		{7832F4BA-D688-4D52-A3F3-9CECE5E0F2DA}.Release|Any CPU.ActiveCfg = Release|Any CPU
		{7832F4BA-D688-4D52-A3F3-9CECE5E0F2DA}.Release|Any CPU.Build.0 = Release|Any CPU
		{E13F1A2B-E7F9-441A-ADCE-CF5D16CC0AEF}.Debug|Any CPU.ActiveCfg = Debug|Any CPU
		{E13F1A2B-E7F9-441A-ADCE-CF5D16CC0AEF}.Debug|Any CPU.Build.0 = Debug|Any CPU
		{E13F1A2B-E7F9-441A-ADCE-CF5D16CC0AEF}.Release|Any CPU.ActiveCfg = Release|Any CPU
		{E13F1A2B-E7F9-441A-ADCE-CF5D16CC0AEF}.Release|Any CPU.Build.0 = Release|Any CPU
		{4EBE8EC8-9C9B-4709-A595-115298EA87F7}.Debug|Any CPU.ActiveCfg = Debug|Any CPU
		{4EBE8EC8-9C9B-4709-A595-115298EA87F7}.Debug|Any CPU.Build.0 = Debug|Any CPU
		{4EBE8EC8-9C9B-4709-A595-115298EA87F7}.Release|Any CPU.ActiveCfg = Release|Any CPU
		{4EBE8EC8-9C9B-4709-A595-115298EA87F7}.Release|Any CPU.Build.0 = Release|Any CPU
		{13F2E812-FA97-4306-91B9-9455CDF464C7}.Debug|Any CPU.ActiveCfg = Debug|Any CPU
		{13F2E812-FA97-4306-91B9-9455CDF464C7}.Debug|Any CPU.Build.0 = Debug|Any CPU
		{13F2E812-FA97-4306-91B9-9455CDF464C7}.Release|Any CPU.ActiveCfg = Release|Any CPU
		{13F2E812-FA97-4306-91B9-9455CDF464C7}.Release|Any CPU.Build.0 = Release|Any CPU
		{3DC15779-95A8-4FBF-8E1B-E0D02D8C4EF5}.Debug|Any CPU.ActiveCfg = Debug|Any CPU
		{3DC15779-95A8-4FBF-8E1B-E0D02D8C4EF5}.Debug|Any CPU.Build.0 = Debug|Any CPU
		{3DC15779-95A8-4FBF-8E1B-E0D02D8C4EF5}.Release|Any CPU.ActiveCfg = Release|Any CPU
		{3DC15779-95A8-4FBF-8E1B-E0D02D8C4EF5}.Release|Any CPU.Build.0 = Release|Any CPU
		{2D04C4D2-D8E5-4449-9CF8-CDCB8268C672}.Debug|Any CPU.ActiveCfg = Debug|Any CPU
		{2D04C4D2-D8E5-4449-9CF8-CDCB8268C672}.Debug|Any CPU.Build.0 = Debug|Any CPU
		{2D04C4D2-D8E5-4449-9CF8-CDCB8268C672}.Release|Any CPU.ActiveCfg = Release|Any CPU
		{2D04C4D2-D8E5-4449-9CF8-CDCB8268C672}.Release|Any CPU.Build.0 = Release|Any CPU
		{C30D5B0E-44BD-467D-A584-410A827B0C25}.Debug|Any CPU.ActiveCfg = Debug|Any CPU
		{C30D5B0E-44BD-467D-A584-410A827B0C25}.Debug|Any CPU.Build.0 = Debug|Any CPU
		{C30D5B0E-44BD-467D-A584-410A827B0C25}.Release|Any CPU.ActiveCfg = Release|Any CPU
		{C30D5B0E-44BD-467D-A584-410A827B0C25}.Release|Any CPU.Build.0 = Release|Any CPU
		{EC1832E0-C062-4DB3-9F21-195AD8489B78}.Debug|Any CPU.ActiveCfg = Debug|Any CPU
		{EC1832E0-C062-4DB3-9F21-195AD8489B78}.Debug|Any CPU.Build.0 = Debug|Any CPU
		{EC1832E0-C062-4DB3-9F21-195AD8489B78}.Release|Any CPU.ActiveCfg = Release|Any CPU
		{EC1832E0-C062-4DB3-9F21-195AD8489B78}.Release|Any CPU.Build.0 = Release|Any CPU
	EndGlobalSection
	GlobalSection(SolutionProperties) = preSolution
		HideSolutionNode = FALSE
	EndGlobalSection
	GlobalSection(ExtensibilityGlobals) = postSolution
		SolutionGuid = {8E3951DB-CEED-45F2-B2BC-51B58B339AA3}
	EndGlobalSection
EndGlobal
