
Microsoft Visual Studio Solution File, Format Version 12.00
# Visual Studio 15
VisualStudioVersion = 15.0.28010.2046
MinimumVisualStudioVersion = 10.0.40219.1
Project("{FAE04EC0-301F-11D3-BF4B-00C04F79EFBC}") = "Common.Dal.Ado", "Common.Dal.Ado\Common.Dal.Ado.csproj", "{7832F4BA-D688-4D52-A3F3-9CECE5E0F2DA}"
EndProject
Project("{FAE04EC0-301F-11D3-BF4B-00C04F79EFBC}") = "Wetr.Generator", "Wetr.Generator\Wetr.Generator.csproj", "{E13F1A2B-E7F9-441A-ADCE-CF5D16CC0AEF}"
EndProject
Project("{FAE04EC0-301F-11D3-BF4B-00C04F79EFBC}") = "Wetr.Domain", "Wetr.Domain\Wetr.Domain.csproj", "{4EBE8EC8-9C9B-4709-A595-115298EA87F7}"
EndProject
Project("{FAE04EC0-301F-11D3-BF4B-00C04F79EFBC}") = "Wetr.Dal.Interface", "Wetr.Dal.Interface\Wetr.Dal.Interface.csproj", "{13F2E812-FA97-4306-91B9-9455CDF464C7}"
EndProject
Project("{FAE04EC0-301F-11D3-BF4B-00C04F79EFBC}") = "Wetr.Dal.Ado", "Wetr.Dal.Ado\Wetr.Dal.Ado.csproj", "{3DC15779-95A8-4FBF-8E1B-E0D02D8C4EF5}"
EndProject
Project("{FAE04EC0-301F-11D3-BF4B-00C04F79EFBC}") = "Wetr.Test.Dal", "Wetr.Test.Dal\Wetr.Test.Dal.csproj", "{2D04C4D2-D8E5-4449-9CF8-CDCB8268C672}"
EndProject
Project("{FAE04EC0-301F-11D3-BF4B-00C04F79EFBC}") = "Wetr.Dal.Factory", "Wetr.Dal.Factory\Wetr.Dal.Factory.csproj", "{C30D5B0E-44BD-467D-A584-410A827B0C25}"
EndProject
Project("{FAE04EC0-301F-11D3-BF4B-00C04F79EFBC}") = "Wetr.Simulator.Wpf", "Wetr.Simulator.Wpf\Wetr.Simulator.Wpf.csproj", "{6BC63BEE-B2E2-43E4-8400-FA22FB311841}"
EndProject
Project("{FAE04EC0-301F-11D3-BF4B-00C04F79EFBC}") = "Wetr.Cockpit.Wpf", "Wetr.Cockpit.Wpf\Wetr.Cockpit.Wpf.csproj", "{A4500B14-7DDF-4A79-8219-27F30C5A04A9}"
EndProject
Project("{FAE04EC0-301F-11D3-BF4B-00C04F79EFBC}") = "Wetr.Test.BusinessLogic", "Wetr.Test.Simulator\Wetr.Test.BusinessLogic.csproj", "{7A82A232-E353-4A98-82B7-73FAD88B9F66}"
EndProject
Project("{FAE04EC0-301F-11D3-BF4B-00C04F79EFBC}") = "Wetr.BusinessLogic", "Wetr.BusinessLogic\Wetr.BusinessLogic.csproj", "{29EDB67E-049C-4AD1-BB23-22604836536E}"
EndProject
Project("{FAE04EC0-301F-11D3-BF4B-00C04F79EFBC}") = "Wetr.BusinessLogic.Interface", "Wetr.BusnessLogic.Interface\Wetr.BusinessLogic.Interface.csproj", "{CF86EBA2-6745-4DFD-81E9-70983DAE30B1}"
EndProject
Project("{FAE04EC0-301F-11D3-BF4B-00C04F79EFBC}") = "Wetr.Web", "Wetr.Web\Wetr.Web.csproj", "{148810AC-4816-400B-8683-0CF633A7A790}"
EndProject
Project("{FAE04EC0-301F-11D3-BF4B-00C04F79EFBC}") = "Wetr.Test.Web", "Wetr.Test.Web\Wetr.Test.Web.csproj", "{5A359D58-077A-472D-B815-8934A4C9919A}"
EndProject
Project("{FAE04EC0-301F-11D3-BF4B-00C04F79EFBC}") = "Wetr.ApiManager", "Wetr.ApiManager\Wetr.ApiManager.csproj", "{771C75E0-CE85-4394-88F1-A0905680D184}"
EndProject
Global
	GlobalSection(Performance) = preSolution
		HasPerformanceSessions = true
	EndGlobalSection
	GlobalSection(SolutionConfigurationPlatforms) = preSolution
		Debug|Any CPU = Debug|Any CPU
		Debug|ARM = Debug|ARM
		Debug|ARM64 = Debug|ARM64
		Debug|x64 = Debug|x64
		Debug|x86 = Debug|x86
		Release|Any CPU = Release|Any CPU
		Release|ARM = Release|ARM
		Release|ARM64 = Release|ARM64
		Release|x64 = Release|x64
		Release|x86 = Release|x86
	EndGlobalSection
	GlobalSection(ProjectConfigurationPlatforms) = postSolution
		{7832F4BA-D688-4D52-A3F3-9CECE5E0F2DA}.Debug|Any CPU.ActiveCfg = Debug|Any CPU
		{7832F4BA-D688-4D52-A3F3-9CECE5E0F2DA}.Debug|Any CPU.Build.0 = Debug|Any CPU
		{7832F4BA-D688-4D52-A3F3-9CECE5E0F2DA}.Debug|ARM.ActiveCfg = Debug|Any CPU
		{7832F4BA-D688-4D52-A3F3-9CECE5E0F2DA}.Debug|ARM.Build.0 = Debug|Any CPU
		{7832F4BA-D688-4D52-A3F3-9CECE5E0F2DA}.Debug|ARM64.ActiveCfg = Debug|Any CPU
		{7832F4BA-D688-4D52-A3F3-9CECE5E0F2DA}.Debug|ARM64.Build.0 = Debug|Any CPU
		{7832F4BA-D688-4D52-A3F3-9CECE5E0F2DA}.Debug|x64.ActiveCfg = Debug|Any CPU
		{7832F4BA-D688-4D52-A3F3-9CECE5E0F2DA}.Debug|x64.Build.0 = Debug|Any CPU
		{7832F4BA-D688-4D52-A3F3-9CECE5E0F2DA}.Debug|x86.ActiveCfg = Debug|Any CPU
		{7832F4BA-D688-4D52-A3F3-9CECE5E0F2DA}.Debug|x86.Build.0 = Debug|Any CPU
		{7832F4BA-D688-4D52-A3F3-9CECE5E0F2DA}.Release|Any CPU.ActiveCfg = Release|Any CPU
		{7832F4BA-D688-4D52-A3F3-9CECE5E0F2DA}.Release|Any CPU.Build.0 = Release|Any CPU
		{7832F4BA-D688-4D52-A3F3-9CECE5E0F2DA}.Release|ARM.ActiveCfg = Release|Any CPU
		{7832F4BA-D688-4D52-A3F3-9CECE5E0F2DA}.Release|ARM.Build.0 = Release|Any CPU
		{7832F4BA-D688-4D52-A3F3-9CECE5E0F2DA}.Release|ARM64.ActiveCfg = Release|Any CPU
		{7832F4BA-D688-4D52-A3F3-9CECE5E0F2DA}.Release|ARM64.Build.0 = Release|Any CPU
		{7832F4BA-D688-4D52-A3F3-9CECE5E0F2DA}.Release|x64.ActiveCfg = Release|Any CPU
		{7832F4BA-D688-4D52-A3F3-9CECE5E0F2DA}.Release|x64.Build.0 = Release|Any CPU
		{7832F4BA-D688-4D52-A3F3-9CECE5E0F2DA}.Release|x86.ActiveCfg = Release|Any CPU
		{7832F4BA-D688-4D52-A3F3-9CECE5E0F2DA}.Release|x86.Build.0 = Release|Any CPU
		{E13F1A2B-E7F9-441A-ADCE-CF5D16CC0AEF}.Debug|Any CPU.ActiveCfg = Debug|Any CPU
		{E13F1A2B-E7F9-441A-ADCE-CF5D16CC0AEF}.Debug|Any CPU.Build.0 = Debug|Any CPU
		{E13F1A2B-E7F9-441A-ADCE-CF5D16CC0AEF}.Debug|ARM.ActiveCfg = Debug|Any CPU
		{E13F1A2B-E7F9-441A-ADCE-CF5D16CC0AEF}.Debug|ARM.Build.0 = Debug|Any CPU
		{E13F1A2B-E7F9-441A-ADCE-CF5D16CC0AEF}.Debug|ARM64.ActiveCfg = Debug|Any CPU
		{E13F1A2B-E7F9-441A-ADCE-CF5D16CC0AEF}.Debug|ARM64.Build.0 = Debug|Any CPU
		{E13F1A2B-E7F9-441A-ADCE-CF5D16CC0AEF}.Debug|x64.ActiveCfg = Debug|Any CPU
		{E13F1A2B-E7F9-441A-ADCE-CF5D16CC0AEF}.Debug|x64.Build.0 = Debug|Any CPU
		{E13F1A2B-E7F9-441A-ADCE-CF5D16CC0AEF}.Debug|x86.ActiveCfg = Debug|Any CPU
		{E13F1A2B-E7F9-441A-ADCE-CF5D16CC0AEF}.Debug|x86.Build.0 = Debug|Any CPU
		{E13F1A2B-E7F9-441A-ADCE-CF5D16CC0AEF}.Release|Any CPU.ActiveCfg = Release|Any CPU
		{E13F1A2B-E7F9-441A-ADCE-CF5D16CC0AEF}.Release|Any CPU.Build.0 = Release|Any CPU
		{E13F1A2B-E7F9-441A-ADCE-CF5D16CC0AEF}.Release|ARM.ActiveCfg = Release|Any CPU
		{E13F1A2B-E7F9-441A-ADCE-CF5D16CC0AEF}.Release|ARM.Build.0 = Release|Any CPU
		{E13F1A2B-E7F9-441A-ADCE-CF5D16CC0AEF}.Release|ARM64.ActiveCfg = Release|Any CPU
		{E13F1A2B-E7F9-441A-ADCE-CF5D16CC0AEF}.Release|ARM64.Build.0 = Release|Any CPU
		{E13F1A2B-E7F9-441A-ADCE-CF5D16CC0AEF}.Release|x64.ActiveCfg = Release|Any CPU
		{E13F1A2B-E7F9-441A-ADCE-CF5D16CC0AEF}.Release|x64.Build.0 = Release|Any CPU
		{E13F1A2B-E7F9-441A-ADCE-CF5D16CC0AEF}.Release|x86.ActiveCfg = Release|Any CPU
		{E13F1A2B-E7F9-441A-ADCE-CF5D16CC0AEF}.Release|x86.Build.0 = Release|Any CPU
		{4EBE8EC8-9C9B-4709-A595-115298EA87F7}.Debug|Any CPU.ActiveCfg = Debug|Any CPU
		{4EBE8EC8-9C9B-4709-A595-115298EA87F7}.Debug|Any CPU.Build.0 = Debug|Any CPU
		{4EBE8EC8-9C9B-4709-A595-115298EA87F7}.Debug|ARM.ActiveCfg = Debug|Any CPU
		{4EBE8EC8-9C9B-4709-A595-115298EA87F7}.Debug|ARM.Build.0 = Debug|Any CPU
		{4EBE8EC8-9C9B-4709-A595-115298EA87F7}.Debug|ARM64.ActiveCfg = Debug|Any CPU
		{4EBE8EC8-9C9B-4709-A595-115298EA87F7}.Debug|ARM64.Build.0 = Debug|Any CPU
		{4EBE8EC8-9C9B-4709-A595-115298EA87F7}.Debug|x64.ActiveCfg = Debug|Any CPU
		{4EBE8EC8-9C9B-4709-A595-115298EA87F7}.Debug|x64.Build.0 = Debug|Any CPU
		{4EBE8EC8-9C9B-4709-A595-115298EA87F7}.Debug|x86.ActiveCfg = Debug|Any CPU
		{4EBE8EC8-9C9B-4709-A595-115298EA87F7}.Debug|x86.Build.0 = Debug|Any CPU
		{4EBE8EC8-9C9B-4709-A595-115298EA87F7}.Release|Any CPU.ActiveCfg = Release|Any CPU
		{4EBE8EC8-9C9B-4709-A595-115298EA87F7}.Release|Any CPU.Build.0 = Release|Any CPU
		{4EBE8EC8-9C9B-4709-A595-115298EA87F7}.Release|ARM.ActiveCfg = Release|Any CPU
		{4EBE8EC8-9C9B-4709-A595-115298EA87F7}.Release|ARM.Build.0 = Release|Any CPU
		{4EBE8EC8-9C9B-4709-A595-115298EA87F7}.Release|ARM64.ActiveCfg = Release|Any CPU
		{4EBE8EC8-9C9B-4709-A595-115298EA87F7}.Release|ARM64.Build.0 = Release|Any CPU
		{4EBE8EC8-9C9B-4709-A595-115298EA87F7}.Release|x64.ActiveCfg = Release|Any CPU
		{4EBE8EC8-9C9B-4709-A595-115298EA87F7}.Release|x64.Build.0 = Release|Any CPU
		{4EBE8EC8-9C9B-4709-A595-115298EA87F7}.Release|x86.ActiveCfg = Release|Any CPU
		{4EBE8EC8-9C9B-4709-A595-115298EA87F7}.Release|x86.Build.0 = Release|Any CPU
		{13F2E812-FA97-4306-91B9-9455CDF464C7}.Debug|Any CPU.ActiveCfg = Debug|Any CPU
		{13F2E812-FA97-4306-91B9-9455CDF464C7}.Debug|Any CPU.Build.0 = Debug|Any CPU
		{13F2E812-FA97-4306-91B9-9455CDF464C7}.Debug|ARM.ActiveCfg = Debug|Any CPU
		{13F2E812-FA97-4306-91B9-9455CDF464C7}.Debug|ARM.Build.0 = Debug|Any CPU
		{13F2E812-FA97-4306-91B9-9455CDF464C7}.Debug|ARM64.ActiveCfg = Debug|Any CPU
		{13F2E812-FA97-4306-91B9-9455CDF464C7}.Debug|ARM64.Build.0 = Debug|Any CPU
		{13F2E812-FA97-4306-91B9-9455CDF464C7}.Debug|x64.ActiveCfg = Debug|Any CPU
		{13F2E812-FA97-4306-91B9-9455CDF464C7}.Debug|x64.Build.0 = Debug|Any CPU
		{13F2E812-FA97-4306-91B9-9455CDF464C7}.Debug|x86.ActiveCfg = Debug|Any CPU
		{13F2E812-FA97-4306-91B9-9455CDF464C7}.Debug|x86.Build.0 = Debug|Any CPU
		{13F2E812-FA97-4306-91B9-9455CDF464C7}.Release|Any CPU.ActiveCfg = Release|Any CPU
		{13F2E812-FA97-4306-91B9-9455CDF464C7}.Release|Any CPU.Build.0 = Release|Any CPU
		{13F2E812-FA97-4306-91B9-9455CDF464C7}.Release|ARM.ActiveCfg = Release|Any CPU
		{13F2E812-FA97-4306-91B9-9455CDF464C7}.Release|ARM.Build.0 = Release|Any CPU
		{13F2E812-FA97-4306-91B9-9455CDF464C7}.Release|ARM64.ActiveCfg = Release|Any CPU
		{13F2E812-FA97-4306-91B9-9455CDF464C7}.Release|ARM64.Build.0 = Release|Any CPU
		{13F2E812-FA97-4306-91B9-9455CDF464C7}.Release|x64.ActiveCfg = Release|Any CPU
		{13F2E812-FA97-4306-91B9-9455CDF464C7}.Release|x64.Build.0 = Release|Any CPU
		{13F2E812-FA97-4306-91B9-9455CDF464C7}.Release|x86.ActiveCfg = Release|Any CPU
		{13F2E812-FA97-4306-91B9-9455CDF464C7}.Release|x86.Build.0 = Release|Any CPU
		{3DC15779-95A8-4FBF-8E1B-E0D02D8C4EF5}.Debug|Any CPU.ActiveCfg = Debug|Any CPU
		{3DC15779-95A8-4FBF-8E1B-E0D02D8C4EF5}.Debug|Any CPU.Build.0 = Debug|Any CPU
		{3DC15779-95A8-4FBF-8E1B-E0D02D8C4EF5}.Debug|ARM.ActiveCfg = Debug|Any CPU
		{3DC15779-95A8-4FBF-8E1B-E0D02D8C4EF5}.Debug|ARM.Build.0 = Debug|Any CPU
		{3DC15779-95A8-4FBF-8E1B-E0D02D8C4EF5}.Debug|ARM64.ActiveCfg = Debug|Any CPU
		{3DC15779-95A8-4FBF-8E1B-E0D02D8C4EF5}.Debug|ARM64.Build.0 = Debug|Any CPU
		{3DC15779-95A8-4FBF-8E1B-E0D02D8C4EF5}.Debug|x64.ActiveCfg = Debug|Any CPU
		{3DC15779-95A8-4FBF-8E1B-E0D02D8C4EF5}.Debug|x64.Build.0 = Debug|Any CPU
		{3DC15779-95A8-4FBF-8E1B-E0D02D8C4EF5}.Debug|x86.ActiveCfg = Debug|Any CPU
		{3DC15779-95A8-4FBF-8E1B-E0D02D8C4EF5}.Debug|x86.Build.0 = Debug|Any CPU
		{3DC15779-95A8-4FBF-8E1B-E0D02D8C4EF5}.Release|Any CPU.ActiveCfg = Release|Any CPU
		{3DC15779-95A8-4FBF-8E1B-E0D02D8C4EF5}.Release|Any CPU.Build.0 = Release|Any CPU
		{3DC15779-95A8-4FBF-8E1B-E0D02D8C4EF5}.Release|ARM.ActiveCfg = Release|Any CPU
		{3DC15779-95A8-4FBF-8E1B-E0D02D8C4EF5}.Release|ARM.Build.0 = Release|Any CPU
		{3DC15779-95A8-4FBF-8E1B-E0D02D8C4EF5}.Release|ARM64.ActiveCfg = Release|Any CPU
		{3DC15779-95A8-4FBF-8E1B-E0D02D8C4EF5}.Release|ARM64.Build.0 = Release|Any CPU
		{3DC15779-95A8-4FBF-8E1B-E0D02D8C4EF5}.Release|x64.ActiveCfg = Release|Any CPU
		{3DC15779-95A8-4FBF-8E1B-E0D02D8C4EF5}.Release|x64.Build.0 = Release|Any CPU
		{3DC15779-95A8-4FBF-8E1B-E0D02D8C4EF5}.Release|x86.ActiveCfg = Release|Any CPU
		{3DC15779-95A8-4FBF-8E1B-E0D02D8C4EF5}.Release|x86.Build.0 = Release|Any CPU
		{2D04C4D2-D8E5-4449-9CF8-CDCB8268C672}.Debug|Any CPU.ActiveCfg = Debug|Any CPU
		{2D04C4D2-D8E5-4449-9CF8-CDCB8268C672}.Debug|Any CPU.Build.0 = Debug|Any CPU
		{2D04C4D2-D8E5-4449-9CF8-CDCB8268C672}.Debug|ARM.ActiveCfg = Debug|Any CPU
		{2D04C4D2-D8E5-4449-9CF8-CDCB8268C672}.Debug|ARM.Build.0 = Debug|Any CPU
		{2D04C4D2-D8E5-4449-9CF8-CDCB8268C672}.Debug|ARM64.ActiveCfg = Debug|Any CPU
		{2D04C4D2-D8E5-4449-9CF8-CDCB8268C672}.Debug|ARM64.Build.0 = Debug|Any CPU
		{2D04C4D2-D8E5-4449-9CF8-CDCB8268C672}.Debug|x64.ActiveCfg = Debug|Any CPU
		{2D04C4D2-D8E5-4449-9CF8-CDCB8268C672}.Debug|x64.Build.0 = Debug|Any CPU
		{2D04C4D2-D8E5-4449-9CF8-CDCB8268C672}.Debug|x86.ActiveCfg = Debug|Any CPU
		{2D04C4D2-D8E5-4449-9CF8-CDCB8268C672}.Debug|x86.Build.0 = Debug|Any CPU
		{2D04C4D2-D8E5-4449-9CF8-CDCB8268C672}.Release|Any CPU.ActiveCfg = Release|Any CPU
		{2D04C4D2-D8E5-4449-9CF8-CDCB8268C672}.Release|Any CPU.Build.0 = Release|Any CPU
		{2D04C4D2-D8E5-4449-9CF8-CDCB8268C672}.Release|ARM.ActiveCfg = Release|Any CPU
		{2D04C4D2-D8E5-4449-9CF8-CDCB8268C672}.Release|ARM.Build.0 = Release|Any CPU
		{2D04C4D2-D8E5-4449-9CF8-CDCB8268C672}.Release|ARM64.ActiveCfg = Release|Any CPU
		{2D04C4D2-D8E5-4449-9CF8-CDCB8268C672}.Release|ARM64.Build.0 = Release|Any CPU
		{2D04C4D2-D8E5-4449-9CF8-CDCB8268C672}.Release|x64.ActiveCfg = Release|Any CPU
		{2D04C4D2-D8E5-4449-9CF8-CDCB8268C672}.Release|x64.Build.0 = Release|Any CPU
		{2D04C4D2-D8E5-4449-9CF8-CDCB8268C672}.Release|x86.ActiveCfg = Release|Any CPU
		{2D04C4D2-D8E5-4449-9CF8-CDCB8268C672}.Release|x86.Build.0 = Release|Any CPU
		{C30D5B0E-44BD-467D-A584-410A827B0C25}.Debug|Any CPU.ActiveCfg = Debug|Any CPU
		{C30D5B0E-44BD-467D-A584-410A827B0C25}.Debug|Any CPU.Build.0 = Debug|Any CPU
		{C30D5B0E-44BD-467D-A584-410A827B0C25}.Debug|ARM.ActiveCfg = Debug|Any CPU
		{C30D5B0E-44BD-467D-A584-410A827B0C25}.Debug|ARM.Build.0 = Debug|Any CPU
		{C30D5B0E-44BD-467D-A584-410A827B0C25}.Debug|ARM64.ActiveCfg = Debug|Any CPU
		{C30D5B0E-44BD-467D-A584-410A827B0C25}.Debug|ARM64.Build.0 = Debug|Any CPU
		{C30D5B0E-44BD-467D-A584-410A827B0C25}.Debug|x64.ActiveCfg = Debug|Any CPU
		{C30D5B0E-44BD-467D-A584-410A827B0C25}.Debug|x64.Build.0 = Debug|Any CPU
		{C30D5B0E-44BD-467D-A584-410A827B0C25}.Debug|x86.ActiveCfg = Debug|Any CPU
		{C30D5B0E-44BD-467D-A584-410A827B0C25}.Debug|x86.Build.0 = Debug|Any CPU
		{C30D5B0E-44BD-467D-A584-410A827B0C25}.Release|Any CPU.ActiveCfg = Release|Any CPU
		{C30D5B0E-44BD-467D-A584-410A827B0C25}.Release|Any CPU.Build.0 = Release|Any CPU
		{C30D5B0E-44BD-467D-A584-410A827B0C25}.Release|ARM.ActiveCfg = Release|Any CPU
		{C30D5B0E-44BD-467D-A584-410A827B0C25}.Release|ARM.Build.0 = Release|Any CPU
		{C30D5B0E-44BD-467D-A584-410A827B0C25}.Release|ARM64.ActiveCfg = Release|Any CPU
		{C30D5B0E-44BD-467D-A584-410A827B0C25}.Release|ARM64.Build.0 = Release|Any CPU
		{C30D5B0E-44BD-467D-A584-410A827B0C25}.Release|x64.ActiveCfg = Release|Any CPU
		{C30D5B0E-44BD-467D-A584-410A827B0C25}.Release|x64.Build.0 = Release|Any CPU
		{C30D5B0E-44BD-467D-A584-410A827B0C25}.Release|x86.ActiveCfg = Release|Any CPU
		{C30D5B0E-44BD-467D-A584-410A827B0C25}.Release|x86.Build.0 = Release|Any CPU
		{6BC63BEE-B2E2-43E4-8400-FA22FB311841}.Debug|Any CPU.ActiveCfg = Debug|Any CPU
		{6BC63BEE-B2E2-43E4-8400-FA22FB311841}.Debug|Any CPU.Build.0 = Debug|Any CPU
		{6BC63BEE-B2E2-43E4-8400-FA22FB311841}.Debug|ARM.ActiveCfg = Debug|Any CPU
		{6BC63BEE-B2E2-43E4-8400-FA22FB311841}.Debug|ARM.Build.0 = Debug|Any CPU
		{6BC63BEE-B2E2-43E4-8400-FA22FB311841}.Debug|ARM64.ActiveCfg = Debug|Any CPU
		{6BC63BEE-B2E2-43E4-8400-FA22FB311841}.Debug|ARM64.Build.0 = Debug|Any CPU
		{6BC63BEE-B2E2-43E4-8400-FA22FB311841}.Debug|x64.ActiveCfg = Debug|Any CPU
		{6BC63BEE-B2E2-43E4-8400-FA22FB311841}.Debug|x64.Build.0 = Debug|Any CPU
		{6BC63BEE-B2E2-43E4-8400-FA22FB311841}.Debug|x86.ActiveCfg = Debug|Any CPU
		{6BC63BEE-B2E2-43E4-8400-FA22FB311841}.Debug|x86.Build.0 = Debug|Any CPU
		{6BC63BEE-B2E2-43E4-8400-FA22FB311841}.Release|Any CPU.ActiveCfg = Debug|Any CPU
		{6BC63BEE-B2E2-43E4-8400-FA22FB311841}.Release|Any CPU.Build.0 = Debug|Any CPU
		{6BC63BEE-B2E2-43E4-8400-FA22FB311841}.Release|ARM.ActiveCfg = Release|Any CPU
		{6BC63BEE-B2E2-43E4-8400-FA22FB311841}.Release|ARM.Build.0 = Release|Any CPU
		{6BC63BEE-B2E2-43E4-8400-FA22FB311841}.Release|ARM64.ActiveCfg = Release|Any CPU
		{6BC63BEE-B2E2-43E4-8400-FA22FB311841}.Release|ARM64.Build.0 = Release|Any CPU
		{6BC63BEE-B2E2-43E4-8400-FA22FB311841}.Release|x64.ActiveCfg = Release|Any CPU
		{6BC63BEE-B2E2-43E4-8400-FA22FB311841}.Release|x64.Build.0 = Release|Any CPU
		{6BC63BEE-B2E2-43E4-8400-FA22FB311841}.Release|x86.ActiveCfg = Release|Any CPU
		{6BC63BEE-B2E2-43E4-8400-FA22FB311841}.Release|x86.Build.0 = Release|Any CPU
		{A4500B14-7DDF-4A79-8219-27F30C5A04A9}.Debug|Any CPU.ActiveCfg = Debug|Any CPU
		{A4500B14-7DDF-4A79-8219-27F30C5A04A9}.Debug|Any CPU.Build.0 = Debug|Any CPU
		{A4500B14-7DDF-4A79-8219-27F30C5A04A9}.Debug|ARM.ActiveCfg = Debug|Any CPU
		{A4500B14-7DDF-4A79-8219-27F30C5A04A9}.Debug|ARM.Build.0 = Debug|Any CPU
		{A4500B14-7DDF-4A79-8219-27F30C5A04A9}.Debug|ARM64.ActiveCfg = Debug|Any CPU
		{A4500B14-7DDF-4A79-8219-27F30C5A04A9}.Debug|ARM64.Build.0 = Debug|Any CPU
		{A4500B14-7DDF-4A79-8219-27F30C5A04A9}.Debug|x64.ActiveCfg = Debug|Any CPU
		{A4500B14-7DDF-4A79-8219-27F30C5A04A9}.Debug|x64.Build.0 = Debug|Any CPU
		{A4500B14-7DDF-4A79-8219-27F30C5A04A9}.Debug|x86.ActiveCfg = Debug|Any CPU
		{A4500B14-7DDF-4A79-8219-27F30C5A04A9}.Debug|x86.Build.0 = Debug|Any CPU
		{A4500B14-7DDF-4A79-8219-27F30C5A04A9}.Release|Any CPU.ActiveCfg = Debug|Any CPU
		{A4500B14-7DDF-4A79-8219-27F30C5A04A9}.Release|Any CPU.Build.0 = Debug|Any CPU
		{A4500B14-7DDF-4A79-8219-27F30C5A04A9}.Release|ARM.ActiveCfg = Release|Any CPU
		{A4500B14-7DDF-4A79-8219-27F30C5A04A9}.Release|ARM.Build.0 = Release|Any CPU
		{A4500B14-7DDF-4A79-8219-27F30C5A04A9}.Release|ARM64.ActiveCfg = Release|Any CPU
		{A4500B14-7DDF-4A79-8219-27F30C5A04A9}.Release|ARM64.Build.0 = Release|Any CPU
		{A4500B14-7DDF-4A79-8219-27F30C5A04A9}.Release|x64.ActiveCfg = Release|Any CPU
		{A4500B14-7DDF-4A79-8219-27F30C5A04A9}.Release|x64.Build.0 = Release|Any CPU
		{A4500B14-7DDF-4A79-8219-27F30C5A04A9}.Release|x86.ActiveCfg = Release|Any CPU
		{A4500B14-7DDF-4A79-8219-27F30C5A04A9}.Release|x86.Build.0 = Release|Any CPU
		{7A82A232-E353-4A98-82B7-73FAD88B9F66}.Debug|Any CPU.ActiveCfg = Debug|Any CPU
		{7A82A232-E353-4A98-82B7-73FAD88B9F66}.Debug|Any CPU.Build.0 = Debug|Any CPU
		{7A82A232-E353-4A98-82B7-73FAD88B9F66}.Debug|ARM.ActiveCfg = Debug|Any CPU
		{7A82A232-E353-4A98-82B7-73FAD88B9F66}.Debug|ARM.Build.0 = Debug|Any CPU
		{7A82A232-E353-4A98-82B7-73FAD88B9F66}.Debug|ARM64.ActiveCfg = Debug|Any CPU
		{7A82A232-E353-4A98-82B7-73FAD88B9F66}.Debug|ARM64.Build.0 = Debug|Any CPU
		{7A82A232-E353-4A98-82B7-73FAD88B9F66}.Debug|x64.ActiveCfg = Debug|Any CPU
		{7A82A232-E353-4A98-82B7-73FAD88B9F66}.Debug|x64.Build.0 = Debug|Any CPU
		{7A82A232-E353-4A98-82B7-73FAD88B9F66}.Debug|x86.ActiveCfg = Debug|Any CPU
		{7A82A232-E353-4A98-82B7-73FAD88B9F66}.Debug|x86.Build.0 = Debug|Any CPU
		{7A82A232-E353-4A98-82B7-73FAD88B9F66}.Release|Any CPU.ActiveCfg = Release|Any CPU
		{7A82A232-E353-4A98-82B7-73FAD88B9F66}.Release|Any CPU.Build.0 = Release|Any CPU
		{7A82A232-E353-4A98-82B7-73FAD88B9F66}.Release|ARM.ActiveCfg = Release|Any CPU
		{7A82A232-E353-4A98-82B7-73FAD88B9F66}.Release|ARM.Build.0 = Release|Any CPU
		{7A82A232-E353-4A98-82B7-73FAD88B9F66}.Release|ARM64.ActiveCfg = Release|Any CPU
		{7A82A232-E353-4A98-82B7-73FAD88B9F66}.Release|ARM64.Build.0 = Release|Any CPU
		{7A82A232-E353-4A98-82B7-73FAD88B9F66}.Release|x64.ActiveCfg = Release|Any CPU
		{7A82A232-E353-4A98-82B7-73FAD88B9F66}.Release|x64.Build.0 = Release|Any CPU
		{7A82A232-E353-4A98-82B7-73FAD88B9F66}.Release|x86.ActiveCfg = Release|Any CPU
		{7A82A232-E353-4A98-82B7-73FAD88B9F66}.Release|x86.Build.0 = Release|Any CPU
		{29EDB67E-049C-4AD1-BB23-22604836536E}.Debug|Any CPU.ActiveCfg = Debug|Any CPU
		{29EDB67E-049C-4AD1-BB23-22604836536E}.Debug|Any CPU.Build.0 = Debug|Any CPU
		{29EDB67E-049C-4AD1-BB23-22604836536E}.Debug|ARM.ActiveCfg = Debug|Any CPU
		{29EDB67E-049C-4AD1-BB23-22604836536E}.Debug|ARM.Build.0 = Debug|Any CPU
		{29EDB67E-049C-4AD1-BB23-22604836536E}.Debug|ARM64.ActiveCfg = Debug|Any CPU
		{29EDB67E-049C-4AD1-BB23-22604836536E}.Debug|ARM64.Build.0 = Debug|Any CPU
		{29EDB67E-049C-4AD1-BB23-22604836536E}.Debug|x64.ActiveCfg = Debug|Any CPU
		{29EDB67E-049C-4AD1-BB23-22604836536E}.Debug|x64.Build.0 = Debug|Any CPU
		{29EDB67E-049C-4AD1-BB23-22604836536E}.Debug|x86.ActiveCfg = Debug|Any CPU
		{29EDB67E-049C-4AD1-BB23-22604836536E}.Debug|x86.Build.0 = Debug|Any CPU
		{29EDB67E-049C-4AD1-BB23-22604836536E}.Release|Any CPU.ActiveCfg = Release|Any CPU
		{29EDB67E-049C-4AD1-BB23-22604836536E}.Release|Any CPU.Build.0 = Release|Any CPU
		{29EDB67E-049C-4AD1-BB23-22604836536E}.Release|ARM.ActiveCfg = Release|Any CPU
		{29EDB67E-049C-4AD1-BB23-22604836536E}.Release|ARM.Build.0 = Release|Any CPU
		{29EDB67E-049C-4AD1-BB23-22604836536E}.Release|ARM64.ActiveCfg = Release|Any CPU
		{29EDB67E-049C-4AD1-BB23-22604836536E}.Release|ARM64.Build.0 = Release|Any CPU
		{29EDB67E-049C-4AD1-BB23-22604836536E}.Release|x64.ActiveCfg = Release|Any CPU
		{29EDB67E-049C-4AD1-BB23-22604836536E}.Release|x64.Build.0 = Release|Any CPU
		{29EDB67E-049C-4AD1-BB23-22604836536E}.Release|x86.ActiveCfg = Release|Any CPU
		{29EDB67E-049C-4AD1-BB23-22604836536E}.Release|x86.Build.0 = Release|Any CPU
		{CF86EBA2-6745-4DFD-81E9-70983DAE30B1}.Debug|Any CPU.ActiveCfg = Debug|Any CPU
		{CF86EBA2-6745-4DFD-81E9-70983DAE30B1}.Debug|Any CPU.Build.0 = Debug|Any CPU
		{CF86EBA2-6745-4DFD-81E9-70983DAE30B1}.Debug|ARM.ActiveCfg = Debug|Any CPU
		{CF86EBA2-6745-4DFD-81E9-70983DAE30B1}.Debug|ARM.Build.0 = Debug|Any CPU
		{CF86EBA2-6745-4DFD-81E9-70983DAE30B1}.Debug|ARM64.ActiveCfg = Debug|Any CPU
		{CF86EBA2-6745-4DFD-81E9-70983DAE30B1}.Debug|ARM64.Build.0 = Debug|Any CPU
		{CF86EBA2-6745-4DFD-81E9-70983DAE30B1}.Debug|x64.ActiveCfg = Debug|Any CPU
		{CF86EBA2-6745-4DFD-81E9-70983DAE30B1}.Debug|x64.Build.0 = Debug|Any CPU
		{CF86EBA2-6745-4DFD-81E9-70983DAE30B1}.Debug|x86.ActiveCfg = Debug|Any CPU
		{CF86EBA2-6745-4DFD-81E9-70983DAE30B1}.Debug|x86.Build.0 = Debug|Any CPU
		{CF86EBA2-6745-4DFD-81E9-70983DAE30B1}.Release|Any CPU.ActiveCfg = Release|Any CPU
		{CF86EBA2-6745-4DFD-81E9-70983DAE30B1}.Release|Any CPU.Build.0 = Release|Any CPU
		{CF86EBA2-6745-4DFD-81E9-70983DAE30B1}.Release|ARM.ActiveCfg = Release|Any CPU
		{CF86EBA2-6745-4DFD-81E9-70983DAE30B1}.Release|ARM.Build.0 = Release|Any CPU
		{CF86EBA2-6745-4DFD-81E9-70983DAE30B1}.Release|ARM64.ActiveCfg = Release|Any CPU
		{CF86EBA2-6745-4DFD-81E9-70983DAE30B1}.Release|ARM64.Build.0 = Release|Any CPU
		{CF86EBA2-6745-4DFD-81E9-70983DAE30B1}.Release|x64.ActiveCfg = Release|Any CPU
		{CF86EBA2-6745-4DFD-81E9-70983DAE30B1}.Release|x64.Build.0 = Release|Any CPU
		{CF86EBA2-6745-4DFD-81E9-70983DAE30B1}.Release|x86.ActiveCfg = Release|Any CPU
		{CF86EBA2-6745-4DFD-81E9-70983DAE30B1}.Release|x86.Build.0 = Release|Any CPU
		{148810AC-4816-400B-8683-0CF633A7A790}.Debug|Any CPU.ActiveCfg = Debug|Any CPU
		{148810AC-4816-400B-8683-0CF633A7A790}.Debug|Any CPU.Build.0 = Debug|Any CPU
		{148810AC-4816-400B-8683-0CF633A7A790}.Debug|ARM.ActiveCfg = Debug|Any CPU
		{148810AC-4816-400B-8683-0CF633A7A790}.Debug|ARM.Build.0 = Debug|Any CPU
		{148810AC-4816-400B-8683-0CF633A7A790}.Debug|ARM64.ActiveCfg = Debug|Any CPU
		{148810AC-4816-400B-8683-0CF633A7A790}.Debug|ARM64.Build.0 = Debug|Any CPU
		{148810AC-4816-400B-8683-0CF633A7A790}.Debug|x64.ActiveCfg = Debug|Any CPU
		{148810AC-4816-400B-8683-0CF633A7A790}.Debug|x64.Build.0 = Debug|Any CPU
		{148810AC-4816-400B-8683-0CF633A7A790}.Debug|x86.ActiveCfg = Debug|Any CPU
		{148810AC-4816-400B-8683-0CF633A7A790}.Debug|x86.Build.0 = Debug|Any CPU
		{148810AC-4816-400B-8683-0CF633A7A790}.Release|Any CPU.ActiveCfg = Release|Any CPU
		{148810AC-4816-400B-8683-0CF633A7A790}.Release|Any CPU.Build.0 = Release|Any CPU
		{148810AC-4816-400B-8683-0CF633A7A790}.Release|ARM.ActiveCfg = Release|Any CPU
		{148810AC-4816-400B-8683-0CF633A7A790}.Release|ARM.Build.0 = Release|Any CPU
		{148810AC-4816-400B-8683-0CF633A7A790}.Release|ARM64.ActiveCfg = Release|Any CPU
		{148810AC-4816-400B-8683-0CF633A7A790}.Release|ARM64.Build.0 = Release|Any CPU
		{148810AC-4816-400B-8683-0CF633A7A790}.Release|x64.ActiveCfg = Release|Any CPU
		{148810AC-4816-400B-8683-0CF633A7A790}.Release|x64.Build.0 = Release|Any CPU
		{148810AC-4816-400B-8683-0CF633A7A790}.Release|x86.ActiveCfg = Release|Any CPU
		{148810AC-4816-400B-8683-0CF633A7A790}.Release|x86.Build.0 = Release|Any CPU
		{5A359D58-077A-472D-B815-8934A4C9919A}.Debug|Any CPU.ActiveCfg = Debug|Any CPU
		{5A359D58-077A-472D-B815-8934A4C9919A}.Debug|Any CPU.Build.0 = Debug|Any CPU
		{5A359D58-077A-472D-B815-8934A4C9919A}.Debug|ARM.ActiveCfg = Debug|Any CPU
		{5A359D58-077A-472D-B815-8934A4C9919A}.Debug|ARM.Build.0 = Debug|Any CPU
		{5A359D58-077A-472D-B815-8934A4C9919A}.Debug|ARM64.ActiveCfg = Debug|Any CPU
		{5A359D58-077A-472D-B815-8934A4C9919A}.Debug|ARM64.Build.0 = Debug|Any CPU
		{5A359D58-077A-472D-B815-8934A4C9919A}.Debug|x64.ActiveCfg = Debug|Any CPU
		{5A359D58-077A-472D-B815-8934A4C9919A}.Debug|x64.Build.0 = Debug|Any CPU
		{5A359D58-077A-472D-B815-8934A4C9919A}.Debug|x86.ActiveCfg = Debug|Any CPU
		{5A359D58-077A-472D-B815-8934A4C9919A}.Debug|x86.Build.0 = Debug|Any CPU
		{5A359D58-077A-472D-B815-8934A4C9919A}.Release|Any CPU.ActiveCfg = Release|Any CPU
		{5A359D58-077A-472D-B815-8934A4C9919A}.Release|Any CPU.Build.0 = Release|Any CPU
		{5A359D58-077A-472D-B815-8934A4C9919A}.Release|ARM.ActiveCfg = Release|Any CPU
		{5A359D58-077A-472D-B815-8934A4C9919A}.Release|ARM.Build.0 = Release|Any CPU
		{5A359D58-077A-472D-B815-8934A4C9919A}.Release|ARM64.ActiveCfg = Release|Any CPU
		{5A359D58-077A-472D-B815-8934A4C9919A}.Release|ARM64.Build.0 = Release|Any CPU
		{5A359D58-077A-472D-B815-8934A4C9919A}.Release|x64.ActiveCfg = Release|Any CPU
		{5A359D58-077A-472D-B815-8934A4C9919A}.Release|x64.Build.0 = Release|Any CPU
		{5A359D58-077A-472D-B815-8934A4C9919A}.Release|x86.ActiveCfg = Release|Any CPU
		{5A359D58-077A-472D-B815-8934A4C9919A}.Release|x86.Build.0 = Release|Any CPU
		{771C75E0-CE85-4394-88F1-A0905680D184}.Debug|Any CPU.ActiveCfg = Debug|Any CPU
		{771C75E0-CE85-4394-88F1-A0905680D184}.Debug|Any CPU.Build.0 = Debug|Any CPU
		{771C75E0-CE85-4394-88F1-A0905680D184}.Debug|ARM.ActiveCfg = Debug|Any CPU
		{771C75E0-CE85-4394-88F1-A0905680D184}.Debug|ARM.Build.0 = Debug|Any CPU
		{771C75E0-CE85-4394-88F1-A0905680D184}.Debug|ARM64.ActiveCfg = Debug|Any CPU
		{771C75E0-CE85-4394-88F1-A0905680D184}.Debug|ARM64.Build.0 = Debug|Any CPU
		{771C75E0-CE85-4394-88F1-A0905680D184}.Debug|x64.ActiveCfg = Debug|Any CPU
		{771C75E0-CE85-4394-88F1-A0905680D184}.Debug|x64.Build.0 = Debug|Any CPU
		{771C75E0-CE85-4394-88F1-A0905680D184}.Debug|x86.ActiveCfg = Debug|Any CPU
		{771C75E0-CE85-4394-88F1-A0905680D184}.Debug|x86.Build.0 = Debug|Any CPU
		{771C75E0-CE85-4394-88F1-A0905680D184}.Release|Any CPU.ActiveCfg = Release|Any CPU
		{771C75E0-CE85-4394-88F1-A0905680D184}.Release|Any CPU.Build.0 = Release|Any CPU
		{771C75E0-CE85-4394-88F1-A0905680D184}.Release|ARM.ActiveCfg = Release|Any CPU
		{771C75E0-CE85-4394-88F1-A0905680D184}.Release|ARM.Build.0 = Release|Any CPU
		{771C75E0-CE85-4394-88F1-A0905680D184}.Release|ARM64.ActiveCfg = Release|Any CPU
		{771C75E0-CE85-4394-88F1-A0905680D184}.Release|ARM64.Build.0 = Release|Any CPU
		{771C75E0-CE85-4394-88F1-A0905680D184}.Release|x64.ActiveCfg = Release|Any CPU
		{771C75E0-CE85-4394-88F1-A0905680D184}.Release|x64.Build.0 = Release|Any CPU
		{771C75E0-CE85-4394-88F1-A0905680D184}.Release|x86.ActiveCfg = Release|Any CPU
		{771C75E0-CE85-4394-88F1-A0905680D184}.Release|x86.Build.0 = Release|Any CPU
	EndGlobalSection
	GlobalSection(SolutionProperties) = preSolution
		HideSolutionNode = FALSE
	EndGlobalSection
	GlobalSection(ExtensibilityGlobals) = postSolution
		SolutionGuid = {8E3951DB-CEED-45F2-B2BC-51B58B339AA3}
	EndGlobalSection
EndGlobal
